github.com/tailscale/hujson v0.0.0-20220506213045-af5ed07155e5 h1:erxeiTyq+nw4Cz5+hLDkOwNF5/9IQWCQPv0gpb3+QHU=
github.com/tailscale/hujson v0.0.0-20220506213045-af5ed07155e5/go.mod h1:DFSS3NAGHthKo1gTlmEcSBiZrRJXi28rLNd/1udP1c8=
golang.org/x/oauth2 v0.31.0 h1:8Fq0yVZLh4j4YA47vHKFTa9Ew5XIrCP8LC6UeNZnLxo=
golang.org/x/oauth2 v0.31.0/go.mod h1:lzm5WQJQwKZ3nwavOZ3IS5Aulzxi68dUSgRHujetwEA=
tailscale.com/client/tailscale/v2 v2.3.0 h1:MBURNDWzWEB+GMBSnQFhZ2xiTjJg5dqOcFEEqZQ9cyA=
tailscale.com/client/tailscale/v2 v2.3.0/go.mod h1:RkAl+CyJiu437uUelFWW/2wL+EgZ6Vd15S1f+IitGr4=
